
Microsoft Visual Studio Solution File, Format Version 12.00
# Visual Studio 2015
Project("{FAE04EC0-301F-11D3-BF4B-00C04F79EFBC}") = "Battelli_Matas_TP_AM2-master", "Battelli_Matas_TP_AM2-master.csproj", "{8C19976D-FBF4-2D51-6143-67FC10667B07}"
EndProject
Project("{FAE04EC0-301F-11D3-BF4B-00C04F79EFBC}") = "Battelli_Matas_TP_AM2-master.Editor", "Battelli_Matas_TP_AM2-master.Editor.csproj", "{F2C274C5-13E7-2910-9428-3950E7DCDF2C}"
EndProject
Global
	GlobalSection(SolutionConfigurationPlatforms) = preSolution
		Debug|Any CPU = Debug|Any CPU
		Release|Any CPU = Release|Any CPU
	EndGlobalSection
	GlobalSection(ProjectConfigurationPlatforms) = postSolution
		{8C19976D-FBF4-2D51-6143-67FC10667B07}.Debug|Any CPU.ActiveCfg = Debug|Any CPU
		{8C19976D-FBF4-2D51-6143-67FC10667B07}.Debug|Any CPU.Build.0 = Debug|Any CPU
		{8C19976D-FBF4-2D51-6143-67FC10667B07}.Release|Any CPU.ActiveCfg = Release|Any CPU
		{8C19976D-FBF4-2D51-6143-67FC10667B07}.Release|Any CPU.Build.0 = Release|Any CPU
		{F2C274C5-13E7-2910-9428-3950E7DCDF2C}.Debug|Any CPU.ActiveCfg = Debug|Any CPU
		{F2C274C5-13E7-2910-9428-3950E7DCDF2C}.Debug|Any CPU.Build.0 = Debug|Any CPU
		{F2C274C5-13E7-2910-9428-3950E7DCDF2C}.Release|Any CPU.ActiveCfg = Release|Any CPU
		{F2C274C5-13E7-2910-9428-3950E7DCDF2C}.Release|Any CPU.Build.0 = Release|Any CPU
	EndGlobalSection
	GlobalSection(SolutionProperties) = preSolution
		HideSolutionNode = FALSE
	EndGlobalSection
EndGlobal
